
Microsoft Visual Studio Solution File, Format Version 12.00
# Visual Studio 15
VisualStudioVersion = 15.0.27004.2002
MinimumVisualStudioVersion = 10.0.40219.1
Project("{9A19103F-16F7-4668-BE54-9A1E7A4F7556}") = "ToyStorage", "ToyStorage\ToyStorage.csproj", "{2A889B26-7A76-415E-BBF2-24E592193D2D}"
EndProject
Project("{2150E333-8FDC-42A3-9474-1A3956D46DE8}") = "Solution Items", "Solution Items", "{4C4B9BD0-FDFF-4E54-A58E-4F39DE94DC65}"
	ProjectSection(SolutionItems) = preProject
		..\.gitattributes = ..\.gitattributes
		..\.gitignore = ..\.gitignore
		..\appveyor.yml = ..\appveyor.yml
		..\build.cake = ..\build.cake
		..\build.ps1 = ..\build.ps1
		..\README.md = ..\README.md
	EndProjectSection
EndProject
Project("{2150E333-8FDC-42A3-9474-1A3956D46DE8}") = "tools", "tools", "{A0AC4627-BCA3-4075-A0E9-4F091DB14792}"
	ProjectSection(SolutionItems) = preProject
		..\tools\packages.config = ..\tools\packages.config
	EndProjectSection
EndProject
Project("{9A19103F-16F7-4668-BE54-9A1E7A4F7556}") = "ToyStorage.IntegrationTests", "ToyStorage.IntegrationTests\ToyStorage.IntegrationTests.csproj", "{2AD5E1F3-0014-419C-9C9D-A03C5D0D647B}"
EndProject
Project("{FAE04EC0-301F-11D3-BF4B-00C04F79EFBC}") = "ToyStorage.UnitTests", "ToyStorage.UnitTests\ToyStorage.UnitTests.csproj", "{A313DB7A-254B-4CDD-AA7E-9EA76E8A8401}"
EndProject
Global
	GlobalSection(SolutionConfigurationPlatforms) = preSolution
		Debug|Any CPU = Debug|Any CPU
		Release|Any CPU = Release|Any CPU
	EndGlobalSection
	GlobalSection(ProjectConfigurationPlatforms) = postSolution
		{2A889B26-7A76-415E-BBF2-24E592193D2D}.Debug|Any CPU.ActiveCfg = Debug|Any CPU
		{2A889B26-7A76-415E-BBF2-24E592193D2D}.Debug|Any CPU.Build.0 = Debug|Any CPU
		{2A889B26-7A76-415E-BBF2-24E592193D2D}.Release|Any CPU.ActiveCfg = Release|Any CPU
		{2A889B26-7A76-415E-BBF2-24E592193D2D}.Release|Any CPU.Build.0 = Release|Any CPU
		{2AD5E1F3-0014-419C-9C9D-A03C5D0D647B}.Debug|Any CPU.ActiveCfg = Debug|Any CPU
		{2AD5E1F3-0014-419C-9C9D-A03C5D0D647B}.Debug|Any CPU.Build.0 = Debug|Any CPU
		{2AD5E1F3-0014-419C-9C9D-A03C5D0D647B}.Release|Any CPU.ActiveCfg = Release|Any CPU
		{2AD5E1F3-0014-419C-9C9D-A03C5D0D647B}.Release|Any CPU.Build.0 = Release|Any CPU
		{A313DB7A-254B-4CDD-AA7E-9EA76E8A8401}.Debug|Any CPU.ActiveCfg = Debug|Any CPU
		{A313DB7A-254B-4CDD-AA7E-9EA76E8A8401}.Debug|Any CPU.Build.0 = Debug|Any CPU
		{A313DB7A-254B-4CDD-AA7E-9EA76E8A8401}.Release|Any CPU.ActiveCfg = Release|Any CPU
		{A313DB7A-254B-4CDD-AA7E-9EA76E8A8401}.Release|Any CPU.Build.0 = Release|Any CPU
	EndGlobalSection
	GlobalSection(SolutionProperties) = preSolution
		HideSolutionNode = FALSE
	EndGlobalSection
	GlobalSection(ExtensibilityGlobals) = postSolution
		SolutionGuid = {5989067E-EDAE-4111-95B8-380543D7B9DA}
	EndGlobalSection
EndGlobal
